
Microsoft Visual Studio Solution File, Format Version 12.00
# Visual Studio Version 17
VisualStudioVersion = 17.13.35931.197 d17.13
MinimumVisualStudioVersion = 10.0.40219.1
Project("{FAE04EC0-301F-11D3-BF4B-00C04F79EFBC}") = "carRentalCSharp", "carRentalCSharp\carRentalCSharp.csproj", "{918078FE-ACD2-4F52-91E4-05EFFABD7DEA}"
EndProject
Global
	GlobalSection(SolutionConfigurationPlatforms) = preSolution
		Debug|Any CPU = Debug|Any CPU
		Release|Any CPU = Release|Any CPU
	EndGlobalSection
	GlobalSection(ProjectConfigurationPlatforms) = postSolution
		{918078FE-ACD2-4F52-91E4-05EFFABD7DEA}.Debug|Any CPU.ActiveCfg = Debug|Any CPU
		{918078FE-ACD2-4F52-91E4-05EFFABD7DEA}.Debug|Any CPU.Build.0 = Debug|Any CPU
		{918078FE-ACD2-4F52-91E4-05EFFABD7DEA}.Release|Any CPU.ActiveCfg = Release|Any CPU
		{918078FE-ACD2-4F52-91E4-05EFFABD7DEA}.Release|Any CPU.Build.0 = Release|Any CPU
	EndGlobalSection
	GlobalSection(SolutionProperties) = preSolution
		HideSolutionNode = FALSE
	EndGlobalSection
	GlobalSection(ExtensibilityGlobals) = postSolution
		SolutionGuid = {BEEAFBA1-EBCF-4D56-8301-F9336D1F557D}
	EndGlobalSection
EndGlobal
